// !$*UTF8*$!
{
	archiveVersion = 1;
	classes = {
	};
	objectVersion = 50;
	objects = {

/* Begin PBXBuildFile section */
		842DE777211D1094000FA45B /* imageVC3.swift in Sources */ = {isa = PBXBuildFile; fileRef = 842DE776211D1094000FA45B /* imageVC3.swift */; };
		84527BDE2106A7CE00F33C95 /* ViewController+Variables.swift in Sources */ = {isa = PBXBuildFile; fileRef = 84527BDD2106A7CE00F33C95 /* ViewController+Variables.swift */; };
		84527BE02106A87D00F33C95 /* ViewController+UI.swift in Sources */ = {isa = PBXBuildFile; fileRef = 84527BDF2106A87D00F33C95 /* ViewController+UI.swift */; };
		84527BE42106AD2E00F33C95 /* CoreDataDB.xcdatamodeld in Sources */ = {isa = PBXBuildFile; fileRef = 84527BE22106AD2E00F33C95 /* CoreDataDB.xcdatamodeld */; };
		84527BE62106AE2600F33C95 /* CoreDataManager.swift in Sources */ = {isa = PBXBuildFile; fileRef = 84527BE52106AE2600F33C95 /* CoreDataManager.swift */; };
		84527BE92106CCD400F33C95 /* TaskListVC.swift in Sources */ = {isa = PBXBuildFile; fileRef = 84527BE82106CCD400F33C95 /* TaskListVC.swift */; };
		84527BED2106D02600F33C95 /* TaskListVC+TableViewController.swift in Sources */ = {isa = PBXBuildFile; fileRef = 84527BEC2106D02600F33C95 /* TaskListVC+TableViewController.swift */; };
		84527BEF2106D08F00F33C95 /* TaskCell.swift in Sources */ = {isa = PBXBuildFile; fileRef = 84527BEE2106D08F00F33C95 /* TaskCell.swift */; };
		84527BF221077FBF00F33C95 /* UIColor+theme.swift in Sources */ = {isa = PBXBuildFile; fileRef = 84527BF121077FBF00F33C95 /* UIColor+theme.swift */; };
		84527BF42107901E00F33C95 /* UINavigationController+Extension.swift in Sources */ = {isa = PBXBuildFile; fileRef = 84527BF32107901E00F33C95 /* UINavigationController+Extension.swift */; };
		849E93222112558500D1623F /* Helpers.swift in Sources */ = {isa = PBXBuildFile; fileRef = 849E93212112558500D1623F /* Helpers.swift */; };
		849E93242113A9A800D1623F /* ImageVC.swift in Sources */ = {isa = PBXBuildFile; fileRef = 849E93232113A9A800D1623F /* ImageVC.swift */; };
		849E932621178D4800D1623F /* ViewController+LoadArrays2.swift in Sources */ = {isa = PBXBuildFile; fileRef = 849E932521178D4800D1623F /* ViewController+LoadArrays2.swift */; };
		849E9328211863D300D1623F /* imageVC2.swift in Sources */ = {isa = PBXBuildFile; fileRef = 849E9327211863D300D1623F /* imageVC2.swift */; };
		849E932B2118D02200D1623F /* imageVC+GestureRecognizer.swift in Sources */ = {isa = PBXBuildFile; fileRef = 849E932A2118D02200D1623F /* imageVC+GestureRecognizer.swift */; };
		84FBCD8E21052897006178E6 /* AppDelegate.swift in Sources */ = {isa = PBXBuildFile; fileRef = 84FBCD8D21052897006178E6 /* AppDelegate.swift */; };
		84FBCD9021052897006178E6 /* ViewController.swift in Sources */ = {isa = PBXBuildFile; fileRef = 84FBCD8F21052897006178E6 /* ViewController.swift */; };
		84FBCD9521052898006178E6 /* Assets.xcassets in Resources */ = {isa = PBXBuildFile; fileRef = 84FBCD9421052898006178E6 /* Assets.xcassets */; };
		84FBCD9821052898006178E6 /* LaunchScreen.storyboard in Resources */ = {isa = PBXBuildFile; fileRef = 84FBCD9621052898006178E6 /* LaunchScreen.storyboard */; };
/* End PBXBuildFile section */

/* Begin PBXFileReference section */
		842DE776211D1094000FA45B /* imageVC3.swift */ = {isa = PBXFileReference; lastKnownFileType = sourcecode.swift; path = imageVC3.swift; sourceTree = "<group>"; };
		84527BDD2106A7CE00F33C95 /* ViewController+Variables.swift */ = {isa = PBXFileReference; lastKnownFileType = sourcecode.swift; path = "ViewController+Variables.swift"; sourceTree = "<group>"; };
		84527BDF2106A87D00F33C95 /* ViewController+UI.swift */ = {isa = PBXFileReference; lastKnownFileType = sourcecode.swift; path = "ViewController+UI.swift"; sourceTree = "<group>"; };
		84527BE32106AD2E00F33C95 /* CoreData.xcdatamodel */ = {isa = PBXFileReference; lastKnownFileType = wrapper.xcdatamodel; path = CoreData.xcdatamodel; sourceTree = "<group>"; };
		84527BE52106AE2600F33C95 /* CoreDataManager.swift */ = {isa = PBXFileReference; lastKnownFileType = sourcecode.swift; path = CoreDataManager.swift; sourceTree = "<group>"; };
		84527BE82106CCD400F33C95 /* TaskListVC.swift */ = {isa = PBXFileReference; lastKnownFileType = sourcecode.swift; path = TaskListVC.swift; sourceTree = "<group>"; };
		84527BEC2106D02600F33C95 /* TaskListVC+TableViewController.swift */ = {isa = PBXFileReference; lastKnownFileType = sourcecode.swift; path = "TaskListVC+TableViewController.swift"; sourceTree = "<group>"; };
		84527BEE2106D08F00F33C95 /* TaskCell.swift */ = {isa = PBXFileReference; lastKnownFileType = sourcecode.swift; path = TaskCell.swift; sourceTree = "<group>"; };
		84527BF121077FBF00F33C95 /* UIColor+theme.swift */ = {isa = PBXFileReference; fileEncoding = 4; lastKnownFileType = sourcecode.swift; path = "UIColor+theme.swift"; sourceTree = "<group>"; };
		84527BF32107901E00F33C95 /* UINavigationController+Extension.swift */ = {isa = PBXFileReference; lastKnownFileType = sourcecode.swift; path = "UINavigationController+Extension.swift"; sourceTree = "<group>"; };
		849E93212112558500D1623F /* Helpers.swift */ = {isa = PBXFileReference; lastKnownFileType = sourcecode.swift; path = Helpers.swift; sourceTree = "<group>"; };
		849E93232113A9A800D1623F /* ImageVC.swift */ = {isa = PBXFileReference; lastKnownFileType = sourcecode.swift; path = ImageVC.swift; sourceTree = "<group>"; };
		849E932521178D4800D1623F /* ViewController+LoadArrays2.swift */ = {isa = PBXFileReference; lastKnownFileType = sourcecode.swift; path = "ViewController+LoadArrays2.swift"; sourceTree = "<group>"; };
		849E9327211863D300D1623F /* imageVC2.swift */ = {isa = PBXFileReference; lastKnownFileType = sourcecode.swift; path = imageVC2.swift; sourceTree = "<group>"; };
		849E932A2118D02200D1623F /* imageVC+GestureRecognizer.swift */ = {isa = PBXFileReference; lastKnownFileType = sourcecode.swift; path = "imageVC+GestureRecognizer.swift"; sourceTree = "<group>"; };
		84FBCD8A21052897006178E6 /* File_Copy_Test.app */ = {isa = PBXFileReference; explicitFileType = wrapper.application; includeInIndex = 0; path = File_Copy_Test.app; sourceTree = BUILT_PRODUCTS_DIR; };
		84FBCD8D21052897006178E6 /* AppDelegate.swift */ = {isa = PBXFileReference; lastKnownFileType = sourcecode.swift; path = AppDelegate.swift; sourceTree = "<group>"; };
		84FBCD8F21052897006178E6 /* ViewController.swift */ = {isa = PBXFileReference; lastKnownFileType = sourcecode.swift; path = ViewController.swift; sourceTree = "<group>"; };
		84FBCD9421052898006178E6 /* Assets.xcassets */ = {isa = PBXFileReference; lastKnownFileType = folder.assetcatalog; path = Assets.xcassets; sourceTree = "<group>"; };
		84FBCD9721052898006178E6 /* Base */ = {isa = PBXFileReference; lastKnownFileType = file.storyboard; name = Base; path = Base.lproj/LaunchScreen.storyboard; sourceTree = "<group>"; };
		84FBCD9921052898006178E6 /* Info.plist */ = {isa = PBXFileReference; lastKnownFileType = text.plist.xml; path = Info.plist; sourceTree = "<group>"; };
/* End PBXFileReference section */

/* Begin PBXFrameworksBuildPhase section */
		84FBCD8721052897006178E6 /* Frameworks */ = {
			isa = PBXFrameworksBuildPhase;
			buildActionMask = 2147483647;
			files = (
			);
			runOnlyForDeploymentPostprocessing = 0;
		};
/* End PBXFrameworksBuildPhase section */

/* Begin PBXGroup section */
		84527BE12106AD0D00F33C95 /* Core_Data */ = {
			isa = PBXGroup;
			children = (
				84527BE22106AD2E00F33C95 /* CoreDataDB.xcdatamodeld */,
				84527BE52106AE2600F33C95 /* CoreDataManager.swift */,
			);
			path = Core_Data;
			sourceTree = "<group>";
		};
		84527BE72106AEBC00F33C95 /* Support_Files */ = {
			isa = PBXGroup;
			children = (
				84FBCD8D21052897006178E6 /* AppDelegate.swift */,
				84FBCD9621052898006178E6 /* LaunchScreen.storyboard */,
				84FBCD9421052898006178E6 /* Assets.xcassets */,
			);
			path = Support_Files;
			sourceTree = "<group>";
		};
		84527BEA2106CF5E00F33C95 /* TaskList */ = {
			isa = PBXGroup;
			children = (
				84527BE82106CCD400F33C95 /* TaskListVC.swift */,
				84527BEC2106D02600F33C95 /* TaskListVC+TableViewController.swift */,
				84527BEE2106D08F00F33C95 /* TaskCell.swift */,
			);
			path = TaskList;
			sourceTree = "<group>";
		};
		84527BEB2106CF6700F33C95 /* ViewController */ = {
			isa = PBXGroup;
			children = (
				84527BDD2106A7CE00F33C95 /* ViewController+Variables.swift */,
				84527BDF2106A87D00F33C95 /* ViewController+UI.swift */,
				84FBCD8F21052897006178E6 /* ViewController.swift */,
				849E932521178D4800D1623F /* ViewController+LoadArrays2.swift */,
			);
			path = ViewController;
			sourceTree = "<group>";
		};
		84527BF021077F9F00F33C95 /* Extras */ = {
			isa = PBXGroup;
			children = (
				84527BF121077FBF00F33C95 /* UIColor+theme.swift */,
				84527BF32107901E00F33C95 /* UINavigationController+Extension.swift */,
				849E93212112558500D1623F /* Helpers.swift */,
			);
			path = Extras;
			sourceTree = "<group>";
		};
		849E93292118CFF400D1623F /* ImageVC */ = {
			isa = PBXGroup;
			children = (
				849E93232113A9A800D1623F /* ImageVC.swift */,
				849E9327211863D300D1623F /* imageVC2.swift */,
				849E932A2118D02200D1623F /* imageVC+GestureRecognizer.swift */,
				842DE776211D1094000FA45B /* imageVC3.swift */,
			);
			path = ImageVC;
			sourceTree = "<group>";
		};
		84FBCD8121052897006178E6 = {
			isa = PBXGroup;
			children = (
				84FBCD8C21052897006178E6 /* File_Copy_Test */,
				84FBCD8B21052897006178E6 /* Products */,
			);
			sourceTree = "<group>";
		};
		84FBCD8B21052897006178E6 /* Products */ = {
			isa = PBXGroup;
			children = (
				84FBCD8A21052897006178E6 /* File_Copy_Test.app */,
			);
			name = Products;
			sourceTree = "<group>";
		};
		84FBCD8C21052897006178E6 /* File_Copy_Test */ = {
			isa = PBXGroup;
			children = (
				849E93292118CFF400D1623F /* ImageVC */,
				84527BEB2106CF6700F33C95 /* ViewController */,
				84527BEA2106CF5E00F33C95 /* TaskList */,
				84FBCD9921052898006178E6 /* Info.plist */,
				84527BE12106AD0D00F33C95 /* Core_Data */,
				84527BF021077F9F00F33C95 /* Extras */,
				84527BE72106AEBC00F33C95 /* Support_Files */,
			);
			path = File_Copy_Test;
			sourceTree = "<group>";
		};
/* End PBXGroup section */

/* Begin PBXNativeTarget section */
		84FBCD8921052897006178E6 /* File_Copy_Test */ = {
			isa = PBXNativeTarget;
			buildConfigurationList = 84FBCD9C21052898006178E6 /* Build configuration list for PBXNativeTarget "File_Copy_Test" */;
			buildPhases = (
				84FBCD8621052897006178E6 /* Sources */,
				84FBCD8721052897006178E6 /* Frameworks */,
				84FBCD8821052897006178E6 /* Resources */,
			);
			buildRules = (
			);
			dependencies = (
			);
			name = File_Copy_Test;
			productName = File_Copy_Test;
			productReference = 84FBCD8A21052897006178E6 /* File_Copy_Test.app */;
			productType = "com.apple.product-type.application";
		};
/* End PBXNativeTarget section */

/* Begin PBXProject section */
		84FBCD8221052897006178E6 /* Project object */ = {
			isa = PBXProject;
			attributes = {
				LastSwiftUpdateCheck = 0940;
				LastUpgradeCheck = 0940;
				ORGANIZATIONNAME = admin;
				TargetAttributes = {
					84FBCD8921052897006178E6 = {
						CreatedOnToolsVersion = 9.4.1;
					};
				};
			};
			buildConfigurationList = 84FBCD8521052897006178E6 /* Build configuration list for PBXProject "File_Copy_Test" */;
			compatibilityVersion = "Xcode 9.3";
			developmentRegion = en;
			hasScannedForEncodings = 0;
			knownRegions = (
				en,
				Base,
			);
			mainGroup = 84FBCD8121052897006178E6;
			productRefGroup = 84FBCD8B21052897006178E6 /* Products */;
			projectDirPath = "";
			projectRoot = "";
			targets = (
				84FBCD8921052897006178E6 /* File_Copy_Test */,
			);
		};
/* End PBXProject section */

/* Begin PBXResourcesBuildPhase section */
		84FBCD8821052897006178E6 /* Resources */ = {
			isa = PBXResourcesBuildPhase;
			buildActionMask = 2147483647;
			files = (
				84FBCD9821052898006178E6 /* LaunchScreen.storyboard in Resources */,
				84FBCD9521052898006178E6 /* Assets.xcassets in Resources */,
			);
			runOnlyForDeploymentPostprocessing = 0;
		};
/* End PBXResourcesBuildPhase section */

/* Begin PBXSourcesBuildPhase section */
		84FBCD8621052897006178E6 /* Sources */ = {
			isa = PBXSourcesBuildPhase;
			buildActionMask = 2147483647;
			files = (
				84527BE02106A87D00F33C95 /* ViewController+UI.swift in Sources */,
				84527BDE2106A7CE00F33C95 /* ViewController+Variables.swift in Sources */,
				849E93242113A9A800D1623F /* ImageVC.swift in Sources */,
				84527BF42107901E00F33C95 /* UINavigationController+Extension.swift in Sources */,
				84527BE92106CCD400F33C95 /* TaskListVC.swift in Sources */,
				84527BF221077FBF00F33C95 /* UIColor+theme.swift in Sources */,
				84527BE42106AD2E00F33C95 /* CoreDataDB.xcdatamodeld in Sources */,
				849E9328211863D300D1623F /* imageVC2.swift in Sources */,
				849E932B2118D02200D1623F /* imageVC+GestureRecognizer.swift in Sources */,
				84FBCD9021052897006178E6 /* ViewController.swift in Sources */,
				84FBCD8E21052897006178E6 /* AppDelegate.swift in Sources */,
				84527BED2106D02600F33C95 /* TaskListVC+TableViewController.swift in Sources */,
				849E932621178D4800D1623F /* ViewController+LoadArrays2.swift in Sources */,
				842DE777211D1094000FA45B /* imageVC3.swift in Sources */,
				849E93222112558500D1623F /* Helpers.swift in Sources */,
				84527BE62106AE2600F33C95 /* CoreDataManager.swift in Sources */,
				84527BEF2106D08F00F33C95 /* TaskCell.swift in Sources */,
			);
			runOnlyForDeploymentPostprocessing = 0;
		};
/* End PBXSourcesBuildPhase section */

/* Begin PBXVariantGroup section */
		84FBCD9621052898006178E6 /* LaunchScreen.storyboard */ = {
			isa = PBXVariantGroup;
			children = (
				84FBCD9721052898006178E6 /* Base */,
			);
			name = LaunchScreen.storyboard;
			sourceTree = "<group>";
		};
/* End PBXVariantGroup section */

/* Begin XCBuildConfiguration section */
		84FBCD9A21052898006178E6 /* Debug */ = {
			isa = XCBuildConfiguration;
			buildSettings = {
				ALWAYS_SEARCH_USER_PATHS = NO;
				CLANG_ANALYZER_NONNULL = YES;
				CLANG_ANALYZER_NUMBER_OBJECT_CONVERSION = YES_AGGRESSIVE;
				CLANG_CXX_LANGUAGE_STANDARD = "gnu++14";
				CLANG_CXX_LIBRARY = "libc++";
				CLANG_ENABLE_MODULES = YES;
				CLANG_ENABLE_OBJC_ARC = YES;
				CLANG_ENABLE_OBJC_WEAK = YES;
				CLANG_WARN_BLOCK_CAPTURE_AUTORELEASING = YES;
				CLANG_WARN_BOOL_CONVERSION = YES;
				CLANG_WARN_COMMA = YES;
				CLANG_WARN_CONSTANT_CONVERSION = YES;
				CLANG_WARN_DEPRECATED_OBJC_IMPLEMENTATIONS = YES;
				CLANG_WARN_DIRECT_OBJC_ISA_USAGE = YES_ERROR;
				CLANG_WARN_DOCUMENTATION_COMMENTS = YES;
				CLANG_WARN_EMPTY_BODY = YES;
				CLANG_WARN_ENUM_CONVERSION = YES;
				CLANG_WARN_INFINITE_RECURSION = YES;
				CLANG_WARN_INT_CONVERSION = YES;
				CLANG_WARN_NON_LITERAL_NULL_CONVERSION = YES;
				CLANG_WARN_OBJC_IMPLICIT_RETAIN_SELF = YES;
				CLANG_WARN_OBJC_LITERAL_CONVERSION = YES;
				CLANG_WARN_OBJC_ROOT_CLASS = YES_ERROR;
				CLANG_WARN_RANGE_LOOP_ANALYSIS = YES;
				CLANG_WARN_STRICT_PROTOTYPES = YES;
				CLANG_WARN_SUSPICIOUS_MOVE = YES;
				CLANG_WARN_UNGUARDED_AVAILABILITY = YES_AGGRESSIVE;
				CLANG_WARN_UNREACHABLE_CODE = YES;
				CLANG_WARN__DUPLICATE_METHOD_MATCH = YES;
				CODE_SIGN_IDENTITY = "iPhone Developer";
				COPY_PHASE_STRIP = NO;
				DEBUG_INFORMATION_FORMAT = dwarf;
				ENABLE_STRICT_OBJC_MSGSEND = YES;
				ENABLE_TESTABILITY = YES;
				GCC_C_LANGUAGE_STANDARD = gnu11;
				GCC_DYNAMIC_NO_PIC = NO;
				GCC_NO_COMMON_BLOCKS = YES;
				GCC_OPTIMIZATION_LEVEL = 0;
				GCC_PREPROCESSOR_DEFINITIONS = (
					"DEBUG=1",
					"$(inherited)",
				);
				GCC_WARN_64_TO_32_BIT_CONVERSION = YES;
				GCC_WARN_ABOUT_RETURN_TYPE = YES_ERROR;
				GCC_WARN_UNDECLARED_SELECTOR = YES;
				GCC_WARN_UNINITIALIZED_AUTOS = YES_AGGRESSIVE;
				GCC_WARN_UNUSED_FUNCTION = YES;
				GCC_WARN_UNUSED_VARIABLE = YES;
				IPHONEOS_DEPLOYMENT_TARGET = 11.4;
				MTL_ENABLE_DEBUG_INFO = YES;
				ONLY_ACTIVE_ARCH = YES;
				SDKROOT = iphoneos;
				SWIFT_ACTIVE_COMPILATION_CONDITIONS = DEBUG;
				SWIFT_OPTIMIZATION_LEVEL = "-Onone";
			};
			name = Debug;
		};
		84FBCD9B21052898006178E6 /* Release */ = {
			isa = XCBuildConfiguration;
			buildSettings = {
				ALWAYS_SEARCH_USER_PATHS = NO;
				CLANG_ANALYZER_NONNULL = YES;
				CLANG_ANALYZER_NUMBER_OBJECT_CONVERSION = YES_AGGRESSIVE;
				CLANG_CXX_LANGUAGE_STANDARD = "gnu++14";
				CLANG_CXX_LIBRARY = "libc++";
				CLANG_ENABLE_MODULES = YES;
				CLANG_ENABLE_OBJC_ARC = YES;
				CLANG_ENABLE_OBJC_WEAK = YES;
				CLANG_WARN_BLOCK_CAPTURE_AUTORELEASING = YES;
				CLANG_WARN_BOOL_CONVERSION = YES;
				CLANG_WARN_COMMA = YES;
				CLANG_WARN_CONSTANT_CONVERSION = YES;
				CLANG_WARN_DEPRECATED_OBJC_IMPLEMENTATIONS = YES;
				CLANG_WARN_DIRECT_OBJC_ISA_USAGE = YES_ERROR;
				CLANG_WARN_DOCUMENTATION_COMMENTS = YES;
				CLANG_WARN_EMPTY_BODY = YES;
				CLANG_WARN_ENUM_CONVERSION = YES;
				CLANG_WARN_INFINITE_RECURSION = YES;
				CLANG_WARN_INT_CONVERSION = YES;
				CLANG_WARN_NON_LITERAL_NULL_CONVERSION = YES;
				CLANG_WARN_OBJC_IMPLICIT_RETAIN_SELF = YES;
				CLANG_WARN_OBJC_LITERAL_CONVERSION = YES;
				CLANG_WARN_OBJC_ROOT_CLASS = YES_ERROR;
				CLANG_WARN_RANGE_LOOP_ANALYSIS = YES;
				CLANG_WARN_STRICT_PROTOTYPES = YES;
				CLANG_WARN_SUSPICIOUS_MOVE = YES;
				CLANG_WARN_UNGUARDED_AVAILABILITY = YES_AGGRESSIVE;
				CLANG_WARN_UNREACHABLE_CODE = YES;
				CLANG_WARN__DUPLICATE_METHOD_MATCH = YES;
				CODE_SIGN_IDENTITY = "iPhone Developer";
				COPY_PHASE_STRIP = NO;
				DEBUG_INFORMATION_FORMAT = "dwarf-with-dsym";
				ENABLE_NS_ASSERTIONS = NO;
				ENABLE_STRICT_OBJC_MSGSEND = YES;
				GCC_C_LANGUAGE_STANDARD = gnu11;
				GCC_NO_COMMON_BLOCKS = YES;
				GCC_WARN_64_TO_32_BIT_CONVERSION = YES;
				GCC_WARN_ABOUT_RETURN_TYPE = YES_ERROR;
				GCC_WARN_UNDECLARED_SELECTOR = YES;
				GCC_WARN_UNINITIALIZED_AUTOS = YES_AGGRESSIVE;
				GCC_WARN_UNUSED_FUNCTION = YES;
				GCC_WARN_UNUSED_VARIABLE = YES;
				IPHONEOS_DEPLOYMENT_TARGET = 11.4;
				MTL_ENABLE_DEBUG_INFO = NO;
				SDKROOT = iphoneos;
				SWIFT_COMPILATION_MODE = wholemodule;
				SWIFT_OPTIMIZATION_LEVEL = "-O";
				VALIDATE_PRODUCT = YES;
			};
			name = Release;
		};
		84FBCD9D21052898006178E6 /* Debug */ = {
			isa = XCBuildConfiguration;
			buildSettings = {
				ASSETCATALOG_COMPILER_APPICON_NAME = AppIcon;
				CODE_SIGN_STYLE = Automatic;
				DEVELOPMENT_TEAM = S47KDE6E7N;
				INFOPLIST_FILE = File_Copy_Test/Info.plist;
				LD_RUNPATH_SEARCH_PATHS = (
					"$(inherited)",
					"@executable_path/Frameworks",
				);
				PRODUCT_BUNDLE_IDENTIFIER = "edu.asf.we.sa.File-Copy-Test";
				PRODUCT_NAME = "$(TARGET_NAME)";
				SWIFT_VERSION = 4.0;
				TARGETED_DEVICE_FAMILY = "1,2";
			};
			name = Debug;
		};
		84FBCD9E21052898006178E6 /* Release */ = {
			isa = XCBuildConfiguration;
			buildSettings = {
				ASSETCATALOG_COMPILER_APPICON_NAME = AppIcon;
				CODE_SIGN_STYLE = Automatic;
				DEVELOPMENT_TEAM = S47KDE6E7N;
				INFOPLIST_FILE = File_Copy_Test/Info.plist;
				LD_RUNPATH_SEARCH_PATHS = (
					"$(inherited)",
					"@executable_path/Frameworks",
				);
				PRODUCT_BUNDLE_IDENTIFIER = "edu.asf.we.sa.File-Copy-Test";
				PRODUCT_NAME = "$(TARGET_NAME)";
				SWIFT_VERSION = 4.0;
				TARGETED_DEVICE_FAMILY = "1,2";
			};
			name = Release;
		};
/* End XCBuildConfiguration section */

/* Begin XCConfigurationList section */
		84FBCD8521052897006178E6 /* Build configuration list for PBXProject "File_Copy_Test" */ = {
			isa = XCConfigurationList;
			buildConfigurations = (
				84FBCD9A21052898006178E6 /* Debug */,
				84FBCD9B21052898006178E6 /* Release */,
			);
			defaultConfigurationIsVisible = 0;
			defaultConfigurationName = Release;
		};
		84FBCD9C21052898006178E6 /* Build configuration list for PBXNativeTarget "File_Copy_Test" */ = {
			isa = XCConfigurationList;
			buildConfigurations = (
				84FBCD9D21052898006178E6 /* Debug */,
				84FBCD9E21052898006178E6 /* Release */,
			);
			defaultConfigurationIsVisible = 0;
			defaultConfigurationName = Release;
		};
/* End XCConfigurationList section */

/* Begin XCVersionGroup section */
		84527BE22106AD2E00F33C95 /* CoreDataDB.xcdatamodeld */ = {
			isa = XCVersionGroup;
			children = (
				84527BE32106AD2E00F33C95 /* CoreData.xcdatamodel */,
			);
			currentVersion = 84527BE32106AD2E00F33C95 /* CoreData.xcdatamodel */;
			path = CoreDataDB.xcdatamodeld;
			sourceTree = "<group>";
			versionGroupType = wrapper.xcdatamodel;
		};
/* End XCVersionGroup section */
	};
	rootObject = 84FBCD8221052897006178E6 /* Project object */;
}
